
Microsoft Visual Studio Solution File, Format Version 12.00
# Visual Studio 15
VisualStudioVersion = 15.0.26430.16
MinimumVisualStudioVersion = 10.0.40219.1
Project("{FAE04EC0-301F-11D3-BF4B-00C04F79EFBC}") = "FoodBank", "FoodBank\FoodBank.csproj", "{C462B144-3154-4D5D-AA5A-C8AC1B1DC42A}"
EndProject
Global
	GlobalSection(SolutionConfigurationPlatforms) = preSolution
		Debug|Any CPU = Debug|Any CPU
		Release|Any CPU = Release|Any CPU
	EndGlobalSection
	GlobalSection(ProjectConfigurationPlatforms) = postSolution
		{C462B144-3154-4D5D-AA5A-C8AC1B1DC42A}.Debug|Any CPU.ActiveCfg = Debug|Any CPU
		{C462B144-3154-4D5D-AA5A-C8AC1B1DC42A}.Debug|Any CPU.Build.0 = Debug|Any CPU
		{C462B144-3154-4D5D-AA5A-C8AC1B1DC42A}.Release|Any CPU.ActiveCfg = Release|Any CPU
		{C462B144-3154-4D5D-AA5A-C8AC1B1DC42A}.Release|Any CPU.Build.0 = Release|Any CPU
	EndGlobalSection
	GlobalSection(SolutionProperties) = preSolution
		HideSolutionNode = FALSE
	EndGlobalSection
EndGlobal
